
Microsoft Visual Studio Solution File, Format Version 12.00
# Visual Studio Version 17
VisualStudioVersion = 17.2.32630.192
MinimumVisualStudioVersion = 10.0.40219.1
Project("{9A19103F-16F7-4668-BE54-9A1E7A4F7556}") = "CloudStorage", "CloudStorage\CloudStorage.csproj", "{45A774BF-4A2C-4614-9B44-2F6F08B21536}"
EndProject
Project("{FAE04EC0-301F-11D3-BF4B-00C04F79EFBC}") = "CloudStorage.Domain", "CloudStorage.Domain\CloudStorage.Domain.csproj", "{58090F5B-3471-42AB-8B0E-357A35F189D2}"
EndProject
Project("{FAE04EC0-301F-11D3-BF4B-00C04F79EFBC}") = "CloudStorage.DataAccess", "CloudStorage.DataAccess\CloudStorage.DataAccess.csproj", "{3AD634A4-D945-4A16-8C81-5F4E412D5472}"
EndProject
Global
	GlobalSection(SolutionConfigurationPlatforms) = preSolution
		Debug|Any CPU = Debug|Any CPU
		Release|Any CPU = Release|Any CPU
	EndGlobalSection
	GlobalSection(ProjectConfigurationPlatforms) = postSolution
		{45A774BF-4A2C-4614-9B44-2F6F08B21536}.Debug|Any CPU.ActiveCfg = Debug|Any CPU
		{45A774BF-4A2C-4614-9B44-2F6F08B21536}.Debug|Any CPU.Build.0 = Debug|Any CPU
		{45A774BF-4A2C-4614-9B44-2F6F08B21536}.Release|Any CPU.ActiveCfg = Release|Any CPU
		{45A774BF-4A2C-4614-9B44-2F6F08B21536}.Release|Any CPU.Build.0 = Release|Any CPU
		{58090F5B-3471-42AB-8B0E-357A35F189D2}.Debug|Any CPU.ActiveCfg = Debug|Any CPU
		{58090F5B-3471-42AB-8B0E-357A35F189D2}.Debug|Any CPU.Build.0 = Debug|Any CPU
		{58090F5B-3471-42AB-8B0E-357A35F189D2}.Release|Any CPU.ActiveCfg = Release|Any CPU
		{58090F5B-3471-42AB-8B0E-357A35F189D2}.Release|Any CPU.Build.0 = Release|Any CPU
		{3AD634A4-D945-4A16-8C81-5F4E412D5472}.Debug|Any CPU.ActiveCfg = Debug|Any CPU
		{3AD634A4-D945-4A16-8C81-5F4E412D5472}.Debug|Any CPU.Build.0 = Debug|Any CPU
		{3AD634A4-D945-4A16-8C81-5F4E412D5472}.Release|Any CPU.ActiveCfg = Release|Any CPU
		{3AD634A4-D945-4A16-8C81-5F4E412D5472}.Release|Any CPU.Build.0 = Release|Any CPU
	EndGlobalSection
	GlobalSection(SolutionProperties) = preSolution
		HideSolutionNode = FALSE
	EndGlobalSection
	GlobalSection(ExtensibilityGlobals) = postSolution
		SolutionGuid = {9B9233FB-36C2-4E1E-9EFF-1F0792AFD497}
	EndGlobalSection
EndGlobal
